// !$*UTF8*$!
{
	archiveVersion = 1;
	classes = {
	};
	objectVersion = 50;
	objects = {

/* Begin PBXBuildFile section */
		D186565C21A05B08000DF15E /* AppDelegate.m in Sources */ = {isa = PBXBuildFile; fileRef = D186565B21A05B08000DF15E /* AppDelegate.m */; };
		D186565F21A05B08000DF15E /* ViewController.m in Sources */ = {isa = PBXBuildFile; fileRef = D186565E21A05B08000DF15E /* ViewController.m */; };
		D186566221A05B08000DF15E /* Main.storyboard in Resources */ = {isa = PBXBuildFile; fileRef = D186566021A05B08000DF15E /* Main.storyboard */; };
		D186566421A05B09000DF15E /* Assets.xcassets in Resources */ = {isa = PBXBuildFile; fileRef = D186566321A05B09000DF15E /* Assets.xcassets */; };
		D186566721A05B09000DF15E /* LaunchScreen.storyboard in Resources */ = {isa = PBXBuildFile; fileRef = D186566521A05B09000DF15E /* LaunchScreen.storyboard */; };
		D186566A21A05B09000DF15E /* main.m in Sources */ = {isa = PBXBuildFile; fileRef = D186566921A05B09000DF15E /* main.m */; };
		D186567421A05B0A000DF15E /* MetaDataTests.m in Sources */ = {isa = PBXBuildFile; fileRef = D186567321A05B0A000DF15E /* MetaDataTests.m */; };
		D186567F21A05B0A000DF15E /* MetaDataUITests.m in Sources */ = {isa = PBXBuildFile; fileRef = D186567E21A05B0A000DF15E /* MetaDataUITests.m */; };
/* End PBXBuildFile section */

/* Begin PBXContainerItemProxy section */
		D186567021A05B0A000DF15E /* PBXContainerItemProxy */ = {
			isa = PBXContainerItemProxy;
			containerPortal = D186564F21A05B08000DF15E /* Project object */;
			proxyType = 1;
			remoteGlobalIDString = D186565621A05B08000DF15E;
			remoteInfo = MetaData;
		};
		D186567B21A05B0A000DF15E /* PBXContainerItemProxy */ = {
			isa = PBXContainerItemProxy;
			containerPortal = D186564F21A05B08000DF15E /* Project object */;
			proxyType = 1;
			remoteGlobalIDString = D186565621A05B08000DF15E;
			remoteInfo = MetaData;
		};
/* End PBXContainerItemProxy section */

/* Begin PBXFileReference section */
		D186565721A05B08000DF15E /* MetaData.app */ = {isa = PBXFileReference; explicitFileType = wrapper.application; includeInIndex = 0; path = MetaData.app; sourceTree = BUILT_PRODUCTS_DIR; };
		D186565A21A05B08000DF15E /* AppDelegate.h */ = {isa = PBXFileReference; lastKnownFileType = sourcecode.c.h; path = AppDelegate.h; sourceTree = "<group>"; };
		D186565B21A05B08000DF15E /* AppDelegate.m */ = {isa = PBXFileReference; lastKnownFileType = sourcecode.c.objc; path = AppDelegate.m; sourceTree = "<group>"; };
		D186565D21A05B08000DF15E /* ViewController.h */ = {isa = PBXFileReference; lastKnownFileType = sourcecode.c.h; path = ViewController.h; sourceTree = "<group>"; };
		D186565E21A05B08000DF15E /* ViewController.m */ = {isa = PBXFileReference; lastKnownFileType = sourcecode.c.objc; path = ViewController.m; sourceTree = "<group>"; };
		D186566121A05B08000DF15E /* Base */ = {isa = PBXFileReference; lastKnownFileType = file.storyboard; name = Base; path = Base.lproj/Main.storyboard; sourceTree = "<group>"; };
		D186566321A05B09000DF15E /* Assets.xcassets */ = {isa = PBXFileReference; lastKnownFileType = folder.assetcatalog; path = Assets.xcassets; sourceTree = "<group>"; };
		D186566621A05B09000DF15E /* Base */ = {isa = PBXFileReference; lastKnownFileType = file.storyboard; name = Base; path = Base.lproj/LaunchScreen.storyboard; sourceTree = "<group>"; };
		D186566821A05B09000DF15E /* Info.plist */ = {isa = PBXFileReference; lastKnownFileType = text.plist.xml; path = Info.plist; sourceTree = "<group>"; };
		D186566921A05B09000DF15E /* main.m */ = {isa = PBXFileReference; lastKnownFileType = sourcecode.c.objc; path = main.m; sourceTree = "<group>"; };
		D186566F21A05B0A000DF15E /* MetaDataTests.xctest */ = {isa = PBXFileReference; explicitFileType = wrapper.cfbundle; includeInIndex = 0; path = MetaDataTests.xctest; sourceTree = BUILT_PRODUCTS_DIR; };
		D186567321A05B0A000DF15E /* MetaDataTests.m */ = {isa = PBXFileReference; lastKnownFileType = sourcecode.c.objc; path = MetaDataTests.m; sourceTree = "<group>"; };
		D186567521A05B0A000DF15E /* Info.plist */ = {isa = PBXFileReference; lastKnownFileType = text.plist.xml; path = Info.plist; sourceTree = "<group>"; };
		D186567A21A05B0A000DF15E /* MetaDataUITests.xctest */ = {isa = PBXFileReference; explicitFileType = wrapper.cfbundle; includeInIndex = 0; path = MetaDataUITests.xctest; sourceTree = BUILT_PRODUCTS_DIR; };
		D186567E21A05B0A000DF15E /* MetaDataUITests.m */ = {isa = PBXFileReference; lastKnownFileType = sourcecode.c.objc; path = MetaDataUITests.m; sourceTree = "<group>"; };
		D186568021A05B0A000DF15E /* Info.plist */ = {isa = PBXFileReference; lastKnownFileType = text.plist.xml; path = Info.plist; sourceTree = "<group>"; };
/* End PBXFileReference section */

/* Begin PBXFrameworksBuildPhase section */
		D186565421A05B08000DF15E /* Frameworks */ = {
			isa = PBXFrameworksBuildPhase;
			buildActionMask = 2147483647;
			files = (
			);
			runOnlyForDeploymentPostprocessing = 0;
		};
		D186566C21A05B0A000DF15E /* Frameworks */ = {
			isa = PBXFrameworksBuildPhase;
			buildActionMask = 2147483647;
			files = (
			);
			runOnlyForDeploymentPostprocessing = 0;
		};
		D186567721A05B0A000DF15E /* Frameworks */ = {
			isa = PBXFrameworksBuildPhase;
			buildActionMask = 2147483647;
			files = (
			);
			runOnlyForDeploymentPostprocessing = 0;
		};
/* End PBXFrameworksBuildPhase section */

/* Begin PBXGroup section */
		D186564E21A05B08000DF15E = {
			isa = PBXGroup;
			children = (
				D186565921A05B08000DF15E /* MetaData */,
				D186567221A05B0A000DF15E /* MetaDataTests */,
				D186567D21A05B0A000DF15E /* MetaDataUITests */,
				D186565821A05B08000DF15E /* Products */,
			);
			sourceTree = "<group>";
		};
		D186565821A05B08000DF15E /* Products */ = {
			isa = PBXGroup;
			children = (
				D186565721A05B08000DF15E /* MetaData.app */,
				D186566F21A05B0A000DF15E /* MetaDataTests.xctest */,
				D186567A21A05B0A000DF15E /* MetaDataUITests.xctest */,
			);
			name = Products;
			sourceTree = "<group>";
		};
		D186565921A05B08000DF15E /* MetaData */ = {
			isa = PBXGroup;
			children = (
				D186565A21A05B08000DF15E /* AppDelegate.h */,
				D186565B21A05B08000DF15E /* AppDelegate.m */,
				D186565D21A05B08000DF15E /* ViewController.h */,
				D186565E21A05B08000DF15E /* ViewController.m */,
				D186566021A05B08000DF15E /* Main.storyboard */,
				D186566321A05B09000DF15E /* Assets.xcassets */,
				D186566521A05B09000DF15E /* LaunchScreen.storyboard */,
				D186566821A05B09000DF15E /* Info.plist */,
				D186566921A05B09000DF15E /* main.m */,
			);
			path = MetaData;
			sourceTree = "<group>";
		};
		D186567221A05B0A000DF15E /* MetaDataTests */ = {
			isa = PBXGroup;
			children = (
				D186567321A05B0A000DF15E /* MetaDataTests.m */,
				D186567521A05B0A000DF15E /* Info.plist */,
			);
			path = MetaDataTests;
			sourceTree = "<group>";
		};
		D186567D21A05B0A000DF15E /* MetaDataUITests */ = {
			isa = PBXGroup;
			children = (
				D186567E21A05B0A000DF15E /* MetaDataUITests.m */,
				D186568021A05B0A000DF15E /* Info.plist */,
			);
			path = MetaDataUITests;
			sourceTree = "<group>";
		};
/* End PBXGroup section */

/* Begin PBXNativeTarget section */
		D186565621A05B08000DF15E /* MetaData */ = {
			isa = PBXNativeTarget;
			buildConfigurationList = D186568321A05B0A000DF15E /* Build configuration list for PBXNativeTarget "MetaData" */;
			buildPhases = (
				D186565321A05B08000DF15E /* Sources */,
				D186565421A05B08000DF15E /* Frameworks */,
				D186565521A05B08000DF15E /* Resources */,
			);
			buildRules = (
			);
			dependencies = (
			);
			name = MetaData;
			productName = MetaData;
			productReference = D186565721A05B08000DF15E /* MetaData.app */;
			productType = "com.apple.product-type.application";
		};
		D186566E21A05B0A000DF15E /* MetaDataTests */ = {
			isa = PBXNativeTarget;
			buildConfigurationList = D186568621A05B0A000DF15E /* Build configuration list for PBXNativeTarget "MetaDataTests" */;
			buildPhases = (
				D186566B21A05B0A000DF15E /* Sources */,
				D186566C21A05B0A000DF15E /* Frameworks */,
				D186566D21A05B0A000DF15E /* Resources */,
			);
			buildRules = (
			);
			dependencies = (
				D186567121A05B0A000DF15E /* PBXTargetDependency */,
			);
			name = MetaDataTests;
			productName = MetaDataTests;
			productReference = D186566F21A05B0A000DF15E /* MetaDataTests.xctest */;
			productType = "com.apple.product-type.bundle.unit-test";
		};
		D186567921A05B0A000DF15E /* MetaDataUITests */ = {
			isa = PBXNativeTarget;
			buildConfigurationList = D186568921A05B0A000DF15E /* Build configuration list for PBXNativeTarget "MetaDataUITests" */;
			buildPhases = (
				D186567621A05B0A000DF15E /* Sources */,
				D186567721A05B0A000DF15E /* Frameworks */,
				D186567821A05B0A000DF15E /* Resources */,
			);
			buildRules = (
			);
			dependencies = (
				D186567C21A05B0A000DF15E /* PBXTargetDependency */,
			);
			name = MetaDataUITests;
			productName = MetaDataUITests;
			productReference = D186567A21A05B0A000DF15E /* MetaDataUITests.xctest */;
			productType = "com.apple.product-type.bundle.ui-testing";
		};
/* End PBXNativeTarget section */

/* Begin PBXProject section */
		D186564F21A05B08000DF15E /* Project object */ = {
			isa = PBXProject;
			attributes = {
				LastUpgradeCheck = 1010;
				ORGANIZATIONNAME = Bruce;
				TargetAttributes = {
					D186565621A05B08000DF15E = {
						CreatedOnToolsVersion = 10.1;
					};
					D186566E21A05B0A000DF15E = {
						CreatedOnToolsVersion = 10.1;
						TestTargetID = D186565621A05B08000DF15E;
					};
					D186567921A05B0A000DF15E = {
						CreatedOnToolsVersion = 10.1;
						TestTargetID = D186565621A05B08000DF15E;
					};
				};
			};
			buildConfigurationList = D186565221A05B08000DF15E /* Build configuration list for PBXProject "MetaData" */;
			compatibilityVersion = "Xcode 9.3";
			developmentRegion = en;
			hasScannedForEncodings = 0;
			knownRegions = (
				en,
				Base,
			);
			mainGroup = D186564E21A05B08000DF15E;
			productRefGroup = D186565821A05B08000DF15E /* Products */;
			projectDirPath = "";
			projectRoot = "";
			targets = (
				D186565621A05B08000DF15E /* MetaData */,
				D186566E21A05B0A000DF15E /* MetaDataTests */,
				D186567921A05B0A000DF15E /* MetaDataUITests */,
			);
		};
/* End PBXProject section */

/* Begin PBXResourcesBuildPhase section */
		D186565521A05B08000DF15E /* Resources */ = {
			isa = PBXResourcesBuildPhase;
			buildActionMask = 2147483647;
			files = (
				D186566721A05B09000DF15E /* LaunchScreen.storyboard in Resources */,
				D186566421A05B09000DF15E /* Assets.xcassets in Resources */,
				D186566221A05B08000DF15E /* Main.storyboard in Resources */,
			);
			runOnlyForDeploymentPostprocessing = 0;
		};
		D186566D21A05B0A000DF15E /* Resources */ = {
			isa = PBXResourcesBuildPhase;
			buildActionMask = 2147483647;
			files = (
			);
			runOnlyForDeploymentPostprocessing = 0;
		};
		D186567821A05B0A000DF15E /* Resources */ = {
			isa = PBXResourcesBuildPhase;
			buildActionMask = 2147483647;
			files = (
			);
			runOnlyForDeploymentPostprocessing = 0;
		};
/* End PBXResourcesBuildPhase section */

/* Begin PBXSourcesBuildPhase section */
		D186565321A05B08000DF15E /* Sources */ = {
			isa = PBXSourcesBuildPhase;
			buildActionMask = 2147483647;
			files = (
				D186565F21A05B08000DF15E /* ViewController.m in Sources */,
				D186566A21A05B09000DF15E /* main.m in Sources */,
				D186565C21A05B08000DF15E /* AppDelegate.m in Sources */,
			);
			runOnlyForDeploymentPostprocessing = 0;
		};
		D186566B21A05B0A000DF15E /* Sources */ = {
			isa = PBXSourcesBuildPhase;
			buildActionMask = 2147483647;
			files = (
				D186567421A05B0A000DF15E /* MetaDataTests.m in Sources */,
			);
			runOnlyForDeploymentPostprocessing = 0;
		};
		D186567621A05B0A000DF15E /* Sources */ = {
			isa = PBXSourcesBuildPhase;
			buildActionMask = 2147483647;
			files = (
				D186567F21A05B0A000DF15E /* MetaDataUITests.m in Sources */,
			);
			runOnlyForDeploymentPostprocessing = 0;
		};
/* End PBXSourcesBuildPhase section */

/* Begin PBXTargetDependency section */
		D186567121A05B0A000DF15E /* PBXTargetDependency */ = {
			isa = PBXTargetDependency;
			target = D186565621A05B08000DF15E /* MetaData */;
			targetProxy = D186567021A05B0A000DF15E /* PBXContainerItemProxy */;
		};
		D186567C21A05B0A000DF15E /* PBXTargetDependency */ = {
			isa = PBXTargetDependency;
			target = D186565621A05B08000DF15E /* MetaData */;
			targetProxy = D186567B21A05B0A000DF15E /* PBXContainerItemProxy */;
		};
/* End PBXTargetDependency section */

/* Begin PBXVariantGroup section */
		D186566021A05B08000DF15E /* Main.storyboard */ = {
			isa = PBXVariantGroup;
			children = (
				D186566121A05B08000DF15E /* Base */,
			);
			name = Main.storyboard;
			sourceTree = "<group>";
		};
		D186566521A05B09000DF15E /* LaunchScreen.storyboard */ = {
			isa = PBXVariantGroup;
			children = (
				D186566621A05B09000DF15E /* Base */,
			);
			name = LaunchScreen.storyboard;
			sourceTree = "<group>";
		};
/* End PBXVariantGroup section */

/* Begin XCBuildConfiguration section */
		D186568121A05B0A000DF15E /* Debug */ = {
			isa = XCBuildConfiguration;
			buildSettings = {
				ALWAYS_SEARCH_USER_PATHS = NO;
				CLANG_ANALYZER_NONNULL = YES;
				CLANG_ANALYZER_NUMBER_OBJECT_CONVERSION = YES_AGGRESSIVE;
				CLANG_CXX_LANGUAGE_STANDARD = "gnu++14";
				CLANG_CXX_LIBRARY = "libc++";
				CLANG_ENABLE_MODULES = YES;
				CLANG_ENABLE_OBJC_ARC = YES;
				CLANG_ENABLE_OBJC_WEAK = YES;
				CLANG_WARN_BLOCK_CAPTURE_AUTORELEASING = YES;
				CLANG_WARN_BOOL_CONVERSION = YES;
				CLANG_WARN_COMMA = YES;
				CLANG_WARN_CONSTANT_CONVERSION = YES;
				CLANG_WARN_DEPRECATED_OBJC_IMPLEMENTATIONS = YES;
				CLANG_WARN_DIRECT_OBJC_ISA_USAGE = YES_ERROR;
				CLANG_WARN_DOCUMENTATION_COMMENTS = YES;
				CLANG_WARN_EMPTY_BODY = YES;
				CLANG_WARN_ENUM_CONVERSION = YES;
				CLANG_WARN_INFINITE_RECURSION = YES;
				CLANG_WARN_INT_CONVERSION = YES;
				CLANG_WARN_NON_LITERAL_NULL_CONVERSION = YES;
				CLANG_WARN_OBJC_IMPLICIT_RETAIN_SELF = YES;
				CLANG_WARN_OBJC_LITERAL_CONVERSION = YES;
				CLANG_WARN_OBJC_ROOT_CLASS = YES_ERROR;
				CLANG_WARN_RANGE_LOOP_ANALYSIS = YES;
				CLANG_WARN_STRICT_PROTOTYPES = YES;
				CLANG_WARN_SUSPICIOUS_MOVE = YES;
				CLANG_WARN_UNGUARDED_AVAILABILITY = YES_AGGRESSIVE;
				CLANG_WARN_UNREACHABLE_CODE = YES;
				CLANG_WARN__DUPLICATE_METHOD_MATCH = YES;
				CODE_SIGN_IDENTITY = "iPhone Developer";
				COPY_PHASE_STRIP = NO;
				DEBUG_INFORMATION_FORMAT = dwarf;
				ENABLE_STRICT_OBJC_MSGSEND = YES;
				ENABLE_TESTABILITY = YES;
				GCC_C_LANGUAGE_STANDARD = gnu11;
				GCC_DYNAMIC_NO_PIC = NO;
				GCC_NO_COMMON_BLOCKS = YES;
				GCC_OPTIMIZATION_LEVEL = 0;
				GCC_PREPROCESSOR_DEFINITIONS = (
					"DEBUG=1",
					"$(inherited)",
				);
				GCC_WARN_64_TO_32_BIT_CONVERSION = YES;
				GCC_WARN_ABOUT_RETURN_TYPE = YES_ERROR;
				GCC_WARN_UNDECLARED_SELECTOR = YES;
				GCC_WARN_UNINITIALIZED_AUTOS = YES_AGGRESSIVE;
				GCC_WARN_UNUSED_FUNCTION = YES;
				GCC_WARN_UNUSED_VARIABLE = YES;
				IPHONEOS_DEPLOYMENT_TARGET = 12.1;
				MTL_ENABLE_DEBUG_INFO = INCLUDE_SOURCE;
				MTL_FAST_MATH = YES;
				ONLY_ACTIVE_ARCH = YES;
				SDKROOT = iphoneos;
			};
			name = Debug;
		};
		D186568221A05B0A000DF15E /* Release */ = {
			isa = XCBuildConfiguration;
			buildSettings = {
				ALWAYS_SEARCH_USER_PATHS = NO;
				CLANG_ANALYZER_NONNULL = YES;
				CLANG_ANALYZER_NUMBER_OBJECT_CONVERSION = YES_AGGRESSIVE;
				CLANG_CXX_LANGUAGE_STANDARD = "gnu++14";
				CLANG_CXX_LIBRARY = "libc++";
				CLANG_ENABLE_MODULES = YES;
				CLANG_ENABLE_OBJC_ARC = YES;
				CLANG_ENABLE_OBJC_WEAK = YES;
				CLANG_WARN_BLOCK_CAPTURE_AUTORELEASING = YES;
				CLANG_WARN_BOOL_CONVERSION = YES;
				CLANG_WARN_COMMA = YES;
				CLANG_WARN_CONSTANT_CONVERSION = YES;
				CLANG_WARN_DEPRECATED_OBJC_IMPLEMENTATIONS = YES;
				CLANG_WARN_DIRECT_OBJC_ISA_USAGE = YES_ERROR;
				CLANG_WARN_DOCUMENTATION_COMMENTS = YES;
				CLANG_WARN_EMPTY_BODY = YES;
				CLANG_WARN_ENUM_CONVERSION = YES;
				CLANG_WARN_INFINITE_RECURSION = YES;
				CLANG_WARN_INT_CONVERSION = YES;
				CLANG_WARN_NON_LITERAL_NULL_CONVERSION = YES;
				CLANG_WARN_OBJC_IMPLICIT_RETAIN_SELF = YES;
				CLANG_WARN_OBJC_LITERAL_CONVERSION = YES;
				CLANG_WARN_OBJC_ROOT_CLASS = YES_ERROR;
				CLANG_WARN_RANGE_LOOP_ANALYSIS = YES;
				CLANG_WARN_STRICT_PROTOTYPES = YES;
				CLANG_WARN_SUSPICIOUS_MOVE = YES;
				CLANG_WARN_UNGUARDED_AVAILABILITY = YES_AGGRESSIVE;
				CLANG_WARN_UNREACHABLE_CODE = YES;
				CLANG_WARN__DUPLICATE_METHOD_MATCH = YES;
				CODE_SIGN_IDENTITY = "iPhone Developer";
				COPY_PHASE_STRIP = NO;
				DEBUG_INFORMATION_FORMAT = "dwarf-with-dsym";
				ENABLE_NS_ASSERTIONS = NO;
				ENABLE_STRICT_OBJC_MSGSEND = YES;
				GCC_C_LANGUAGE_STANDARD = gnu11;
				GCC_NO_COMMON_BLOCKS = YES;
				GCC_WARN_64_TO_32_BIT_CONVERSION = YES;
				GCC_WARN_ABOUT_RETURN_TYPE = YES_ERROR;
				GCC_WARN_UNDECLARED_SELECTOR = YES;
				GCC_WARN_UNINITIALIZED_AUTOS = YES_AGGRESSIVE;
				GCC_WARN_UNUSED_FUNCTION = YES;
				GCC_WARN_UNUSED_VARIABLE = YES;
				IPHONEOS_DEPLOYMENT_TARGET = 12.1;
				MTL_ENABLE_DEBUG_INFO = NO;
				MTL_FAST_MATH = YES;
				SDKROOT = iphoneos;
				VALIDATE_PRODUCT = YES;
			};
			name = Release;
		};
		D186568421A05B0A000DF15E /* Debug */ = {
			isa = XCBuildConfiguration;
			buildSettings = {
				ASSETCATALOG_COMPILER_APPICON_NAME = AppIcon;
				CODE_SIGN_IDENTITY = "iPhone Developer";
				CODE_SIGN_STYLE = Automatic;
				DEVELOPMENT_TEAM = H2WCM3GRY6;
				INFOPLIST_FILE = MetaData/Info.plist;
				LD_RUNPATH_SEARCH_PATHS = (
					"$(inherited)",
					"@executable_path/Frameworks",
				);
				PRODUCT_BUNDLE_IDENTIFIER = com.bruce.metadata.MetaData;
				PRODUCT_NAME = "$(TARGET_NAME)";
				PROVISIONING_PROFILE_SPECIFIER = "";
				TARGETED_DEVICE_FAMILY = "1,2";
			};
			name = Debug;
		};
		D186568521A05B0A000DF15E /* Release */ = {
			isa = XCBuildConfiguration;
			buildSettings = {
				ASSETCATALOG_COMPILER_APPICON_NAME = AppIcon;
				CODE_SIGN_IDENTITY = "iPhone Developer";
				CODE_SIGN_STYLE = Automatic;
				DEVELOPMENT_TEAM = H2WCM3GRY6;
				INFOPLIST_FILE = MetaData/Info.plist;
				LD_RUNPATH_SEARCH_PATHS = (
					"$(inherited)",
					"@executable_path/Frameworks",
				);
				PRODUCT_BUNDLE_IDENTIFIER = com.bruce.metadata.MetaData;
				PRODUCT_NAME = "$(TARGET_NAME)";
				PROVISIONING_PROFILE_SPECIFIER = "";
				TARGETED_DEVICE_FAMILY = "1,2";
			};
			name = Release;
		};
		D186568721A05B0A000DF15E /* Debug */ = {
			isa = XCBuildConfiguration;
			buildSettings = {
				BUNDLE_LOADER = "$(TEST_HOST)";
				CODE_SIGN_STYLE = Automatic;
				INFOPLIST_FILE = MetaDataTests/Info.plist;
				LD_RUNPATH_SEARCH_PATHS = (
					"$(inherited)",
					"@executable_path/Frameworks",
					"@loader_path/Frameworks",
				);
				PRODUCT_BUNDLE_IDENTIFIER = com.bruce.metadata.MetaDataTests;
				PRODUCT_NAME = "$(TARGET_NAME)";
				TARGETED_DEVICE_FAMILY = "1,2";
				TEST_HOST = "$(BUILT_PRODUCTS_DIR)/MetaData.app/MetaData";
			};
			name = Debug;
		};
		D186568821A05B0A000DF15E /* Release */ = {
			isa = XCBuildConfiguration;
			buildSettings = {
				BUNDLE_LOADER = "$(TEST_HOST)";
				CODE_SIGN_STYLE = Automatic;
				INFOPLIST_FILE = MetaDataTests/Info.plist;
				LD_RUNPATH_SEARCH_PATHS = (
					"$(inherited)",
					"@executable_path/Frameworks",
					"@loader_path/Frameworks",
				);
				PRODUCT_BUNDLE_IDENTIFIER = com.bruce.metadata.MetaDataTests;
				PRODUCT_NAME = "$(TARGET_NAME)";
				TARGETED_DEVICE_FAMILY = "1,2";
				TEST_HOST = "$(BUILT_PRODUCTS_DIR)/MetaData.app/MetaData";
			};
			name = Release;
		};
		D186568A21A05B0A000DF15E /* Debug */ = {
			isa = XCBuildConfiguration;
			buildSettings = {
				CODE_SIGN_STYLE = Automatic;
				INFOPLIST_FILE = MetaDataUITests/Info.plist;
				LD_RUNPATH_SEARCH_PATHS = (
					"$(inherited)",
					"@executable_path/Frameworks",
					"@loader_path/Frameworks",
				);
				PRODUCT_BUNDLE_IDENTIFIER = com.bruce.metadata.MetaDataUITests;
				PRODUCT_NAME = "$(TARGET_NAME)";
				TARGETED_DEVICE_FAMILY = "1,2";
				TEST_TARGET_NAME = MetaData;
			};
			name = Debug;
		};
		D186568B21A05B0A000DF15E /* Release */ = {
			isa = XCBuildConfiguration;
			buildSettings = {
				CODE_SIGN_STYLE = Automatic;
				INFOPLIST_FILE = MetaDataUITests/Info.plist;
				LD_RUNPATH_SEARCH_PATHS = (
					"$(inherited)",
					"@executable_path/Frameworks",
					"@loader_path/Frameworks",
				);
				PRODUCT_BUNDLE_IDENTIFIER = com.bruce.metadata.MetaDataUITests;
				PRODUCT_NAME = "$(TARGET_NAME)";
				TARGETED_DEVICE_FAMILY = "1,2";
				TEST_TARGET_NAME = MetaData;
			};
			name = Release;
		};
/* End XCBuildConfiguration section */

/* Begin XCConfigurationList section */
		D186565221A05B08000DF15E /* Build configuration list for PBXProject "MetaData" */ = {
			isa = XCConfigurationList;
			buildConfigurations = (
				D186568121A05B0A000DF15E /* Debug */,
				D186568221A05B0A000DF15E /* Release */,
			);
			defaultConfigurationIsVisible = 0;
			defaultConfigurationName = Release;
		};
		D186568321A05B0A000DF15E /* Build configuration list for PBXNativeTarget "MetaData" */ = {
			isa = XCConfigurationList;
			buildConfigurations = (
				D186568421A05B0A000DF15E /* Debug */,
				D186568521A05B0A000DF15E /* Release */,
			);
			defaultConfigurationIsVisible = 0;
			defaultConfigurationName = Release;
		};
		D186568621A05B0A000DF15E /* Build configuration list for PBXNativeTarget "MetaDataTests" */ = {
			isa = XCConfigurationList;
			buildConfigurations = (
				D186568721A05B0A000DF15E /* Debug */,
				D186568821A05B0A000DF15E /* Release */,
			);
			defaultConfigurationIsVisible = 0;
			defaultConfigurationName = Release;
		};
		D186568921A05B0A000DF15E /* Build configuration list for PBXNativeTarget "MetaDataUITests" */ = {
			isa = XCConfigurationList;
			buildConfigurations = (
				D186568A21A05B0A000DF15E /* Debug */,
				D186568B21A05B0A000DF15E /* Release */,
			);
			defaultConfigurationIsVisible = 0;
			defaultConfigurationName = Release;
		};
/* End XCConfigurationList section */
	};
	rootObject = D186564F21A05B08000DF15E /* Project object */;
}
